
Microsoft Visual Studio Solution File, Format Version 12.00
# Visual Studio 15
VisualStudioVersion = 15.0.27428.2005
MinimumVisualStudioVersion = 10.0.40219.1
Project("{FAE04EC0-301F-11D3-BF4B-00C04F79EFBC}") = "PWBFuelBalancer", "PWBFuelBalancer\PWBFuelBalancer.csproj", "{E8BF24DD-391E-4ABA-BFB5-B7610F57CD55}"
EndProject
Project("{2150E333-8FDC-42A3-9474-1A3956D46DE8}") = "Solution Items", "Solution Items", "{23A0DD97-C230-4509-92E4-7364760A0066}"
	ProjectSection(SolutionItems) = preProject
		buildRelease.bat = buildRelease.bat
		ChangeLog.txt = ChangeLog.txt
		deploy.bat = deploy.bat
		jenkins.txt = jenkins.txt
		License.txt = License.txt
		PWBFuelBalancer.version = PWBFuelBalancer.version
		README.md = README.md
	EndProjectSection
EndProject
Global
	GlobalSection(SolutionConfigurationPlatforms) = preSolution
		Debug|Any CPU = Debug|Any CPU
		Release|Any CPU = Release|Any CPU
	EndGlobalSection
	GlobalSection(ProjectConfigurationPlatforms) = postSolution
		{E8BF24DD-391E-4ABA-BFB5-B7610F57CD55}.Debug|Any CPU.ActiveCfg = Debug|Any CPU
		{E8BF24DD-391E-4ABA-BFB5-B7610F57CD55}.Debug|Any CPU.Build.0 = Debug|Any CPU
		{E8BF24DD-391E-4ABA-BFB5-B7610F57CD55}.Release|Any CPU.ActiveCfg = Release|Any CPU
		{E8BF24DD-391E-4ABA-BFB5-B7610F57CD55}.Release|Any CPU.Build.0 = Release|Any CPU
	EndGlobalSection
	GlobalSection(SolutionProperties) = preSolution
		HideSolutionNode = FALSE
	EndGlobalSection
	GlobalSection(ExtensibilityGlobals) = postSolution
		SolutionGuid = {E6A2B930-CA5F-4213-9CC6-2936FA01F29A}
	EndGlobalSection
EndGlobal
